dependencies:
- name: ltb-passwd
  repository: ""
  version: 0.1.x
- name: phpldapadmin
  repository: ""
  version: 0.1.x
- name: common
  repository: oci://registry-1.docker.io/bitnamicharts
  version: 2.30.2
digest: sha256:ac483a5f8c825186218a95b1ee35dc2f431ffa65ad9440f76a23f2579bfd0b1b
generated: "2026-05-05T20:31:28.070139908Z"
